
Microsoft Visual Studio Solution File, Format Version 12.00
# Visual Studio 2012
Project("{FAE04EC0-301F-11D3-BF4B-00C04F79EFBC}") = "daftar telefon", "daftar telefon\daftar telefon.csproj", "{5285070C-FB65-4A66-968B-DA988F4FBAE0}"
EndProject
Global
	GlobalSection(SolutionConfigurationPlatforms) = preSolution
		Debug|Any CPU = Debug|Any CPU
		Release|Any CPU = Release|Any CPU
	EndGlobalSection
	GlobalSection(ProjectConfigurationPlatforms) = postSolution
		{5285070C-FB65-4A66-968B-DA988F4FBAE0}.Debug|Any CPU.ActiveCfg = Debug|Any CPU
		{5285070C-FB65-4A66-968B-DA988F4FBAE0}.Debug|Any CPU.Build.0 = Debug|Any CPU
		{5285070C-FB65-4A66-968B-DA988F4FBAE0}.Release|Any CPU.ActiveCfg = Release|Any CPU
		{5285070C-FB65-4A66-968B-DA988F4FBAE0}.Release|Any CPU.Build.0 = Release|Any CPU
	EndGlobalSection
	GlobalSection(SolutionProperties) = preSolution
		HideSolutionNode = FALSE
	EndGlobalSection
EndGlobal
